
Microsoft Visual Studio Solution File, Format Version 12.00
# Visual Studio 15
VisualStudioVersion = 15.0.27004.2002
MinimumVisualStudioVersion = 10.0.40219.1
Project("{9A19103F-16F7-4668-BE54-9A1E7A4F7556}") = "Program", "Program\Program.csproj", "{7FCFB2E2-873D-41FC-AE21-1207F2439E7D}"
EndProject
Project("{9A19103F-16F7-4668-BE54-9A1E7A4F7556}") = "Model", "Model\Model.csproj", "{B2E11C72-7B4A-4FB0-93C0-75E7D136784E}"
EndProject
Project("{9A19103F-16F7-4668-BE54-9A1E7A4F7556}") = "Base", "Base\Base.csproj", "{AE20EA0A-240C-4E7E-9365-356B99B62526}"
EndProject
Project("{2150E333-8FDC-42A3-9474-1A3956D46DE8}") = "Hotfix", "Hotfix", "{8A4A3F4E-6DB5-4037-B7D1-93A95144985A}"
EndProject
Project("{9A19103F-16F7-4668-BE54-9A1E7A4F7556}") = "EventHandle", "EventHandle\EventHandle.csproj", "{502CA1D2-9DFA-41A1-8544-7CBC95F06089}"
EndProject
Project("{9A19103F-16F7-4668-BE54-9A1E7A4F7556}") = "FuncHandle", "FuncHandle\FuncHandle.csproj", "{A9DC2CCC-7E73-49E8-9898-99ACF7E0E657}"
	ProjectSection(ProjectDependencies) = postProject
		{AE20EA0A-240C-4E7E-9365-356B99B62526} = {AE20EA0A-240C-4E7E-9365-356B99B62526}
		{B2E11C72-7B4A-4FB0-93C0-75E7D136784E} = {B2E11C72-7B4A-4FB0-93C0-75E7D136784E}
	EndProjectSection
EndProject
Project("{9A19103F-16F7-4668-BE54-9A1E7A4F7556}") = "HttpHandle", "HttpHandle\HttpHandle.csproj", "{67064105-B6E3-4982-9EEE-978F8E383087}"
	ProjectSection(ProjectDependencies) = postProject
		{AE20EA0A-240C-4E7E-9365-356B99B62526} = {AE20EA0A-240C-4E7E-9365-356B99B62526}
		{B2E11C72-7B4A-4FB0-93C0-75E7D136784E} = {B2E11C72-7B4A-4FB0-93C0-75E7D136784E}
	EndProjectSection
EndProject
Project("{9A19103F-16F7-4668-BE54-9A1E7A4F7556}") = "ProtocolHandle", "ProtocolHandle\ProtocolHandle.csproj", "{DF1667C0-2F8F-4D80-80AD-32BB5B32D60C}"
EndProject
Project("{2150E333-8FDC-42A3-9474-1A3956D46DE8}") = "ThirdParty", "ThirdParty", "{A443E399-2D66-4145-8695-2D0EB9E532AD}"
EndProject
Project("{9A19103F-16F7-4668-BE54-9A1E7A4F7556}") = "MongoDB.Bson", "MongodbDriver\DotNetCoreDriver\MongoDB.Bson\MongoDB.Bson.csproj", "{5461407B-E1F5-4DE4-BEDE-A64A0F03B82B}"
EndProject
Project("{9A19103F-16F7-4668-BE54-9A1E7A4F7556}") = "MongoDB.Driver", "MongodbDriver\DotNetCoreDriver\MongoDB.Driver\MongoDB.Driver.csproj", "{034D9131-D8AF-4037-B41B-2ADF69699BF2}"
EndProject
Project("{9A19103F-16F7-4668-BE54-9A1E7A4F7556}") = "MongoDB.Driver.Core", "MongodbDriver\DotNetCoreDriver\MongoDB.Driver.Core\MongoDB.Driver.Core.csproj", "{8EAE7010-4714-4396-8652-55A1349BEBCA}"
EndProject
Global
	GlobalSection(SolutionConfigurationPlatforms) = preSolution
		Debug|Any CPU = Debug|Any CPU
		Release|Any CPU = Release|Any CPU
	EndGlobalSection
	GlobalSection(ProjectConfigurationPlatforms) = postSolution
		{7FCFB2E2-873D-41FC-AE21-1207F2439E7D}.Debug|Any CPU.ActiveCfg = Debug|Any CPU
		{7FCFB2E2-873D-41FC-AE21-1207F2439E7D}.Debug|Any CPU.Build.0 = Debug|Any CPU
		{7FCFB2E2-873D-41FC-AE21-1207F2439E7D}.Release|Any CPU.ActiveCfg = Release|Any CPU
		{7FCFB2E2-873D-41FC-AE21-1207F2439E7D}.Release|Any CPU.Build.0 = Release|Any CPU
		{B2E11C72-7B4A-4FB0-93C0-75E7D136784E}.Debug|Any CPU.ActiveCfg = Debug|Any CPU
		{B2E11C72-7B4A-4FB0-93C0-75E7D136784E}.Debug|Any CPU.Build.0 = Debug|Any CPU
		{B2E11C72-7B4A-4FB0-93C0-75E7D136784E}.Release|Any CPU.ActiveCfg = Release|Any CPU
		{B2E11C72-7B4A-4FB0-93C0-75E7D136784E}.Release|Any CPU.Build.0 = Release|Any CPU
		{AE20EA0A-240C-4E7E-9365-356B99B62526}.Debug|Any CPU.ActiveCfg = Debug|Any CPU
		{AE20EA0A-240C-4E7E-9365-356B99B62526}.Debug|Any CPU.Build.0 = Debug|Any CPU
		{AE20EA0A-240C-4E7E-9365-356B99B62526}.Release|Any CPU.ActiveCfg = Release|Any CPU
		{AE20EA0A-240C-4E7E-9365-356B99B62526}.Release|Any CPU.Build.0 = Release|Any CPU
		{502CA1D2-9DFA-41A1-8544-7CBC95F06089}.Debug|Any CPU.ActiveCfg = Debug|Any CPU
		{502CA1D2-9DFA-41A1-8544-7CBC95F06089}.Debug|Any CPU.Build.0 = Debug|Any CPU
		{502CA1D2-9DFA-41A1-8544-7CBC95F06089}.Release|Any CPU.ActiveCfg = Release|Any CPU
		{502CA1D2-9DFA-41A1-8544-7CBC95F06089}.Release|Any CPU.Build.0 = Release|Any CPU
		{A9DC2CCC-7E73-49E8-9898-99ACF7E0E657}.Debug|Any CPU.ActiveCfg = Debug|Any CPU
		{A9DC2CCC-7E73-49E8-9898-99ACF7E0E657}.Debug|Any CPU.Build.0 = Debug|Any CPU
		{A9DC2CCC-7E73-49E8-9898-99ACF7E0E657}.Release|Any CPU.ActiveCfg = Release|Any CPU
		{A9DC2CCC-7E73-49E8-9898-99ACF7E0E657}.Release|Any CPU.Build.0 = Release|Any CPU
		{67064105-B6E3-4982-9EEE-978F8E383087}.Debug|Any CPU.ActiveCfg = Debug|Any CPU
		{67064105-B6E3-4982-9EEE-978F8E383087}.Debug|Any CPU.Build.0 = Debug|Any CPU
		{67064105-B6E3-4982-9EEE-978F8E383087}.Release|Any CPU.ActiveCfg = Release|Any CPU
		{67064105-B6E3-4982-9EEE-978F8E383087}.Release|Any CPU.Build.0 = Release|Any CPU
		{DF1667C0-2F8F-4D80-80AD-32BB5B32D60C}.Debug|Any CPU.ActiveCfg = Debug|Any CPU
		{DF1667C0-2F8F-4D80-80AD-32BB5B32D60C}.Debug|Any CPU.Build.0 = Debug|Any CPU
		{DF1667C0-2F8F-4D80-80AD-32BB5B32D60C}.Release|Any CPU.ActiveCfg = Release|Any CPU
		{DF1667C0-2F8F-4D80-80AD-32BB5B32D60C}.Release|Any CPU.Build.0 = Release|Any CPU
		{5461407B-E1F5-4DE4-BEDE-A64A0F03B82B}.Debug|Any CPU.ActiveCfg = Debug|Any CPU
		{5461407B-E1F5-4DE4-BEDE-A64A0F03B82B}.Debug|Any CPU.Build.0 = Debug|Any CPU
		{5461407B-E1F5-4DE4-BEDE-A64A0F03B82B}.Release|Any CPU.ActiveCfg = Release|Any CPU
		{5461407B-E1F5-4DE4-BEDE-A64A0F03B82B}.Release|Any CPU.Build.0 = Release|Any CPU
		{034D9131-D8AF-4037-B41B-2ADF69699BF2}.Debug|Any CPU.ActiveCfg = Debug|Any CPU
		{034D9131-D8AF-4037-B41B-2ADF69699BF2}.Debug|Any CPU.Build.0 = Debug|Any CPU
		{034D9131-D8AF-4037-B41B-2ADF69699BF2}.Release|Any CPU.ActiveCfg = Release|Any CPU
		{034D9131-D8AF-4037-B41B-2ADF69699BF2}.Release|Any CPU.Build.0 = Release|Any CPU
		{8EAE7010-4714-4396-8652-55A1349BEBCA}.Debug|Any CPU.ActiveCfg = Debug|Any CPU
		{8EAE7010-4714-4396-8652-55A1349BEBCA}.Debug|Any CPU.Build.0 = Debug|Any CPU
		{8EAE7010-4714-4396-8652-55A1349BEBCA}.Release|Any CPU.ActiveCfg = Release|Any CPU
		{8EAE7010-4714-4396-8652-55A1349BEBCA}.Release|Any CPU.Build.0 = Release|Any CPU
	EndGlobalSection
	GlobalSection(SolutionProperties) = preSolution
		HideSolutionNode = FALSE
	EndGlobalSection
	GlobalSection(NestedProjects) = preSolution
		{502CA1D2-9DFA-41A1-8544-7CBC95F06089} = {8A4A3F4E-6DB5-4037-B7D1-93A95144985A}
		{A9DC2CCC-7E73-49E8-9898-99ACF7E0E657} = {8A4A3F4E-6DB5-4037-B7D1-93A95144985A}
		{67064105-B6E3-4982-9EEE-978F8E383087} = {8A4A3F4E-6DB5-4037-B7D1-93A95144985A}
		{DF1667C0-2F8F-4D80-80AD-32BB5B32D60C} = {8A4A3F4E-6DB5-4037-B7D1-93A95144985A}
		{5461407B-E1F5-4DE4-BEDE-A64A0F03B82B} = {A443E399-2D66-4145-8695-2D0EB9E532AD}
		{034D9131-D8AF-4037-B41B-2ADF69699BF2} = {A443E399-2D66-4145-8695-2D0EB9E532AD}
		{8EAE7010-4714-4396-8652-55A1349BEBCA} = {A443E399-2D66-4145-8695-2D0EB9E532AD}
	EndGlobalSection
	GlobalSection(ExtensibilityGlobals) = postSolution
		SolutionGuid = {6B1F1AD5-B484-4EF9-A3B7-65BBA843E564}
	EndGlobalSection
EndGlobal
